
Microsoft Visual Studio Solution File, Format Version 12.00
# Visual Studio Version 17
VisualStudioVersion = 17.8.34525.116
MinimumVisualStudioVersion = 10.0.40219.1
Project("{9A19103F-16F7-4668-BE54-9A1E7A4F7556}") = "realsense_gh", "realsense_gh.csproj", "{2D70B6CE-2D2A-4BDA-9527-7AF64FA03E4D}"
EndProject
Global
	GlobalSection(SolutionConfigurationPlatforms) = preSolution
		Debug|Any CPU = Debug|Any CPU
		Release|Any CPU = Release|Any CPU
	EndGlobalSection
	GlobalSection(ProjectConfigurationPlatforms) = postSolution
		{2D70B6CE-2D2A-4BDA-9527-7AF64FA03E4D}.Debug|Any CPU.ActiveCfg = Debug|Any CPU
		{2D70B6CE-2D2A-4BDA-9527-7AF64FA03E4D}.Debug|Any CPU.Build.0 = Debug|Any CPU
		{2D70B6CE-2D2A-4BDA-9527-7AF64FA03E4D}.Release|Any CPU.ActiveCfg = Release|Any CPU
		{2D70B6CE-2D2A-4BDA-9527-7AF64FA03E4D}.Release|Any CPU.Build.0 = Release|Any CPU
	EndGlobalSection
	GlobalSection(SolutionProperties) = preSolution
		HideSolutionNode = FALSE
	EndGlobalSection
	GlobalSection(ExtensibilityGlobals) = postSolution
		SolutionGuid = {9E67AB87-E5EB-41DF-A3F9-627A3AE304DC}
	EndGlobalSection
EndGlobal
